// !$*UTF8*$!
{
	archiveVersion = 1;
	classes = {
	};
	objectVersion = 48;
	objects = {

/* Begin PBXBuildFile section */
		23AC4EECF454D569CDEFDB50 /* Pods_Workshop.framework in Frameworks */ = {isa = PBXBuildFile; fileRef = 422D97667EE67DBF30FE2C1C /* Pods_Workshop.framework */; };
		5295797220416DB000270E80 /* AppDelegate.swift in Sources */ = {isa = PBXBuildFile; fileRef = 5295797120416DB000270E80 /* AppDelegate.swift */; };
		5295797420416DB000270E80 /* ViewController.swift in Sources */ = {isa = PBXBuildFile; fileRef = 5295797320416DB000270E80 /* ViewController.swift */; };
		5295797920416DB000270E80 /* Assets.xcassets in Resources */ = {isa = PBXBuildFile; fileRef = 5295797820416DB000270E80 /* Assets.xcassets */; };
		5295797C20416DB000270E80 /* LaunchScreen.storyboard in Resources */ = {isa = PBXBuildFile; fileRef = 5295797A20416DB000270E80 /* LaunchScreen.storyboard */; };
		52CF1CA9204831090002C5BF /* Extensions.swift in Sources */ = {isa = PBXBuildFile; fileRef = 52CF1CA8204831090002C5BF /* Extensions.swift */; };
		81CA01F320A44CE100BA7EFA /* GoogleService-Info.plist in Resources */ = {isa = PBXBuildFile; fileRef = 81CA01F220A44CE100BA7EFA /* GoogleService-Info.plist */; };
/* End PBXBuildFile section */

/* Begin PBXFileReference section */
		422D97667EE67DBF30FE2C1C /* Pods_Workshop.framework */ = {isa = PBXFileReference; explicitFileType = wrapper.framework; includeInIndex = 0; path = Pods_Workshop.framework; sourceTree = BUILT_PRODUCTS_DIR; };
		5295796E20416DB000270E80 /* Workshop.app */ = {isa = PBXFileReference; explicitFileType = wrapper.application; includeInIndex = 0; path = Workshop.app; sourceTree = BUILT_PRODUCTS_DIR; };
		5295797120416DB000270E80 /* AppDelegate.swift */ = {isa = PBXFileReference; lastKnownFileType = sourcecode.swift; path = AppDelegate.swift; sourceTree = "<group>"; };
		5295797320416DB000270E80 /* ViewController.swift */ = {isa = PBXFileReference; lastKnownFileType = sourcecode.swift; path = ViewController.swift; sourceTree = "<group>"; };
		5295797820416DB000270E80 /* Assets.xcassets */ = {isa = PBXFileReference; lastKnownFileType = folder.assetcatalog; path = Assets.xcassets; sourceTree = "<group>"; };
		5295797B20416DB000270E80 /* Base */ = {isa = PBXFileReference; lastKnownFileType = file.storyboard; name = Base; path = Base.lproj/LaunchScreen.storyboard; sourceTree = "<group>"; };
		5295797D20416DB000270E80 /* Info.plist */ = {isa = PBXFileReference; lastKnownFileType = text.plist.xml; path = Info.plist; sourceTree = "<group>"; };
		52CF1CA8204831090002C5BF /* Extensions.swift */ = {isa = PBXFileReference; lastKnownFileType = sourcecode.swift; path = Extensions.swift; sourceTree = "<group>"; };
		5CD39B9972F5645E9B9AE292 /* Pods-Workshop.debug.xcconfig */ = {isa = PBXFileReference; includeInIndex = 1; lastKnownFileType = text.xcconfig; name = "Pods-Workshop.debug.xcconfig"; path = "Pods/Target Support Files/Pods-Workshop/Pods-Workshop.debug.xcconfig"; sourceTree = "<group>"; };
		81CA01F220A44CE100BA7EFA /* GoogleService-Info.plist */ = {isa = PBXFileReference; fileEncoding = 4; lastKnownFileType = text.plist.xml; path = "GoogleService-Info.plist"; sourceTree = "<group>"; };
		D35F309EC0DB53FCDB0C79D8 /* Pods-Workshop.release.xcconfig */ = {isa = PBXFileReference; includeInIndex = 1; lastKnownFileType = text.xcconfig; name = "Pods-Workshop.release.xcconfig"; path = "Pods/Target Support Files/Pods-Workshop/Pods-Workshop.release.xcconfig"; sourceTree = "<group>"; };
/* End PBXFileReference section */

/* Begin PBXFrameworksBuildPhase section */
		5295796B20416DB000270E80 /* Frameworks */ = {
			isa = PBXFrameworksBuildPhase;
			buildActionMask = 2147483647;
			files = (
				23AC4EECF454D569CDEFDB50 /* Pods_Workshop.framework in Frameworks */,
			);
			runOnlyForDeploymentPostprocessing = 0;
		};
/* End PBXFrameworksBuildPhase section */

/* Begin PBXGroup section */
		5295796520416DB000270E80 = {
			isa = PBXGroup;
			children = (
				5295797020416DB000270E80 /* Workshop */,
				D1ADD40B1CDD2556C6129C61 /* Pods */,
				AA8714C4328E7587F36E36F0 /* Frameworks */,
			);
			sourceTree = "<group>";
		};
		5295796F20416DB000270E80 /* Products */ = {
			isa = PBXGroup;
			children = (
				5295796E20416DB000270E80 /* Workshop.app */,
			);
			name = Products;
			path = ..;
			sourceTree = "<group>";
		};
		5295797020416DB000270E80 /* Workshop */ = {
			isa = PBXGroup;
			children = (
				52CF1CA7204830DC0002C5BF /* Utilities */,
				5295797120416DB000270E80 /* AppDelegate.swift */,
				5295797320416DB000270E80 /* ViewController.swift */,
				5295797820416DB000270E80 /* Assets.xcassets */,
				5295797D20416DB000270E80 /* Info.plist */,
				52CF1CA8204831090002C5BF /* Extensions.swift */,
				81CA01F220A44CE100BA7EFA /* GoogleService-Info.plist */,
				5295796F20416DB000270E80 /* Products */,
			);
			path = Workshop;
			sourceTree = "<group>";
		};
		52CF1CA7204830DC0002C5BF /* Utilities */ = {
			isa = PBXGroup;
			children = (
				5295797A20416DB000270E80 /* LaunchScreen.storyboard */,
			);
			path = Utilities;
			sourceTree = "<group>";
		};
		AA8714C4328E7587F36E36F0 /* Frameworks */ = {
			isa = PBXGroup;
			children = (
				422D97667EE67DBF30FE2C1C /* Pods_Workshop.framework */,
			);
			name = Frameworks;
			sourceTree = "<group>";
		};
		D1ADD40B1CDD2556C6129C61 /* Pods */ = {
			isa = PBXGroup;
			children = (
				5CD39B9972F5645E9B9AE292 /* Pods-Workshop.debug.xcconfig */,
				D35F309EC0DB53FCDB0C79D8 /* Pods-Workshop.release.xcconfig */,
			);
			name = Pods;
			sourceTree = "<group>";
		};
/* End PBXGroup section */

/* Begin PBXNativeTarget section */
		5295796D20416DB000270E80 /* Workshop */ = {
			isa = PBXNativeTarget;
			buildConfigurationList = 5295798020416DB000270E80 /* Build configuration list for PBXNativeTarget "Workshop" */;
			buildPhases = (
				DD90F9B6D5077437720B577B /* [CP] Check Pods Manifest.lock */,
				5295796A20416DB000270E80 /* Sources */,
				5295796B20416DB000270E80 /* Frameworks */,
				5295796C20416DB000270E80 /* Resources */,
				3C25379F4A339CB12BBB842B /* [CP] Embed Pods Frameworks */,
			);
			buildRules = (
			);
			dependencies = (
			);
			name = Workshop;
			productName = Workshop;
			productReference = 5295796E20416DB000270E80 /* Workshop.app */;
			productType = "com.apple.product-type.application";
		};
/* End PBXNativeTarget section */

/* Begin PBXProject section */
		5295796620416DB000270E80 /* Project object */ = {
			isa = PBXProject;
			attributes = {
				LastSwiftUpdateCheck = 0910;
				LastUpgradeCheck = 0910;
				ORGANIZATIONNAME = Bea;
				TargetAttributes = {
					5295796D20416DB000270E80 = {
						CreatedOnToolsVersion = 9.1;
						ProvisioningStyle = Automatic;
					};
				};
			};
			buildConfigurationList = 5295796920416DB000270E80 /* Build configuration list for PBXProject "Workshop" */;
			compatibilityVersion = "Xcode 8.0";
			developmentRegion = en;
			hasScannedForEncodings = 0;
			knownRegions = (
				en,
				Base,
			);
			mainGroup = 5295796520416DB000270E80;
			productRefGroup = 5295796F20416DB000270E80 /* Products */;
			projectDirPath = "";
			projectRoot = "";
			targets = (
				5295796D20416DB000270E80 /* Workshop */,
			);
		};
/* End PBXProject section */

/* Begin PBXResourcesBuildPhase section */
		5295796C20416DB000270E80 /* Resources */ = {
			isa = PBXResourcesBuildPhase;
			buildActionMask = 2147483647;
			files = (
				5295797C20416DB000270E80 /* LaunchScreen.storyboard in Resources */,
				5295797920416DB000270E80 /* Assets.xcassets in Resources */,
				81CA01F320A44CE100BA7EFA /* GoogleService-Info.plist in Resources */,
			);
			runOnlyForDeploymentPostprocessing = 0;
		};
/* End PBXResourcesBuildPhase section */

/* Begin PBXShellScriptBuildPhase section */
		3C25379F4A339CB12BBB842B /* [CP] Embed Pods Frameworks */ = {
			isa = PBXShellScriptBuildPhase;
			buildActionMask = 2147483647;
			files = (
			);
			inputPaths = (
				"${SRCROOT}/Pods/Target Support Files/Pods-Workshop/Pods-Workshop-frameworks.sh",
				"${BUILT_PRODUCTS_DIR}/GTMSessionFetcher/GTMSessionFetcher.framework",
				"${BUILT_PRODUCTS_DIR}/GoogleToolboxForMac/GoogleToolboxForMac.framework",
				"${BUILT_PRODUCTS_DIR}/leveldb-library/leveldb.framework",
				"${BUILT_PRODUCTS_DIR}/nanopb/nanopb.framework",
			);
			name = "[CP] Embed Pods Frameworks";
			outputPaths = (
				"${TARGET_BUILD_DIR}/${FRAMEWORKS_FOLDER_PATH}/GTMSessionFetcher.framework",
				"${TARGET_BUILD_DIR}/${FRAMEWORKS_FOLDER_PATH}/GoogleToolboxForMac.framework",
				"${TARGET_BUILD_DIR}/${FRAMEWORKS_FOLDER_PATH}/leveldb.framework",
				"${TARGET_BUILD_DIR}/${FRAMEWORKS_FOLDER_PATH}/nanopb.framework",
			);
			runOnlyForDeploymentPostprocessing = 0;
			shellPath = /bin/sh;
			shellScript = "\"${SRCROOT}/Pods/Target Support Files/Pods-Workshop/Pods-Workshop-frameworks.sh\"\n";
			showEnvVarsInLog = 0;
		};
		DD90F9B6D5077437720B577B /* [CP] Check Pods Manifest.lock */ = {
			isa = PBXShellScriptBuildPhase;
			buildActionMask = 2147483647;
			files = (
			);
			inputPaths = (
				"${PODS_PODFILE_DIR_PATH}/Podfile.lock",
				"${PODS_ROOT}/Manifest.lock",
			);
			name = "[CP] Check Pods Manifest.lock";
			outputPaths = (
				"$(DERIVED_FILE_DIR)/Pods-Workshop-checkManifestLockResult.txt",
			);
			runOnlyForDeploymentPostprocessing = 0;
			shellPath = /bin/sh;
			shellScript = "diff \"${PODS_PODFILE_DIR_PATH}/Podfile.lock\" \"${PODS_ROOT}/Manifest.lock\" > /dev/null\nif [ $? != 0 ] ; then\n    # print error to STDERR\n    echo \"error: The sandbox is not in sync with the Podfile.lock. Run 'pod install' or update your CocoaPods installation.\" >&2\n    exit 1\nfi\n# This output is used by Xcode 'outputs' to avoid re-running this script phase.\necho \"SUCCESS\" > \"${SCRIPT_OUTPUT_FILE_0}\"\n";
			showEnvVarsInLog = 0;
		};
/* End PBXShellScriptBuildPhase section */

/* Begin PBXSourcesBuildPhase section */
		5295796A20416DB000270E80 /* Sources */ = {
			isa = PBXSourcesBuildPhase;
			buildActionMask = 2147483647;
			files = (
				5295797420416DB000270E80 /* ViewController.swift in Sources */,
				52CF1CA9204831090002C5BF /* Extensions.swift in Sources */,
				5295797220416DB000270E80 /* AppDelegate.swift in Sources */,
			);
			runOnlyForDeploymentPostprocessing = 0;
		};
/* End PBXSourcesBuildPhase section */

/* Begin PBXVariantGroup section */
		5295797A20416DB000270E80 /* LaunchScreen.storyboard */ = {
			isa = PBXVariantGroup;
			children = (
				5295797B20416DB000270E80 /* Base */,
			);
			name = LaunchScreen.storyboard;
			sourceTree = "<group>";
		};
/* End PBXVariantGroup section */

/* Begin XCBuildConfiguration section */
		5295797E20416DB000270E80 /* Debug */ = {
			isa = XCBuildConfiguration;
			buildSettings = {
				ALWAYS_SEARCH_USER_PATHS = NO;
				CLANG_ANALYZER_NONNULL = YES;
				CLANG_ANALYZER_NUMBER_OBJECT_CONVERSION = YES_AGGRESSIVE;
				CLANG_CXX_LANGUAGE_STANDARD = "gnu++14";
				CLANG_CXX_LIBRARY = "libc++";
				CLANG_ENABLE_MODULES = YES;
				CLANG_ENABLE_OBJC_ARC = YES;
				CLANG_WARN_BLOCK_CAPTURE_AUTORELEASING = YES;
				CLANG_WARN_BOOL_CONVERSION = YES;
				CLANG_WARN_COMMA = YES;
				CLANG_WARN_CONSTANT_CONVERSION = YES;
				CLANG_WARN_DIRECT_OBJC_ISA_USAGE = YES_ERROR;
				CLANG_WARN_DOCUMENTATION_COMMENTS = YES;
				CLANG_WARN_EMPTY_BODY = YES;
				CLANG_WARN_ENUM_CONVERSION = YES;
				CLANG_WARN_INFINITE_RECURSION = YES;
				CLANG_WARN_INT_CONVERSION = YES;
				CLANG_WARN_NON_LITERAL_NULL_CONVERSION = YES;
				CLANG_WARN_OBJC_LITERAL_CONVERSION = YES;
				CLANG_WARN_OBJC_ROOT_CLASS = YES_ERROR;
				CLANG_WARN_RANGE_LOOP_ANALYSIS = YES;
				CLANG_WARN_STRICT_PROTOTYPES = YES;
				CLANG_WARN_SUSPICIOUS_MOVE = YES;
				CLANG_WARN_UNGUARDED_AVAILABILITY = YES_AGGRESSIVE;
				CLANG_WARN_UNREACHABLE_CODE = YES;
				CLANG_WARN__DUPLICATE_METHOD_MATCH = YES;
				CODE_SIGN_IDENTITY = "iPhone Developer";
				COPY_PHASE_STRIP = NO;
				DEBUG_INFORMATION_FORMAT = dwarf;
				ENABLE_STRICT_OBJC_MSGSEND = YES;
				ENABLE_TESTABILITY = YES;
				GCC_C_LANGUAGE_STANDARD = gnu11;
				GCC_DYNAMIC_NO_PIC = NO;
				GCC_NO_COMMON_BLOCKS = YES;
				GCC_OPTIMIZATION_LEVEL = 0;
				GCC_PREPROCESSOR_DEFINITIONS = (
					"DEBUG=1",
					"$(inherited)",
				);
				GCC_WARN_64_TO_32_BIT_CONVERSION = YES;
				GCC_WARN_ABOUT_RETURN_TYPE = YES_ERROR;
				GCC_WARN_UNDECLARED_SELECTOR = YES;
				GCC_WARN_UNINITIALIZED_AUTOS = YES_AGGRESSIVE;
				GCC_WARN_UNUSED_FUNCTION = YES;
				GCC_WARN_UNUSED_VARIABLE = YES;
				IPHONEOS_DEPLOYMENT_TARGET = 11.1;
				MTL_ENABLE_DEBUG_INFO = YES;
				ONLY_ACTIVE_ARCH = YES;
				SDKROOT = iphoneos;
				SWIFT_ACTIVE_COMPILATION_CONDITIONS = DEBUG;
				SWIFT_OPTIMIZATION_LEVEL = "-Onone";
			};
			name = Debug;
		};
		5295797F20416DB000270E80 /* Release */ = {
			isa = XCBuildConfiguration;
			buildSettings = {
				ALWAYS_SEARCH_USER_PATHS = NO;
				CLANG_ANALYZER_NONNULL = YES;
				CLANG_ANALYZER_NUMBER_OBJECT_CONVERSION = YES_AGGRESSIVE;
				CLANG_CXX_LANGUAGE_STANDARD = "gnu++14";
				CLANG_CXX_LIBRARY = "libc++";
				CLANG_ENABLE_MODULES = YES;
				CLANG_ENABLE_OBJC_ARC = YES;
				CLANG_WARN_BLOCK_CAPTURE_AUTORELEASING = YES;
				CLANG_WARN_BOOL_CONVERSION = YES;
				CLANG_WARN_COMMA = YES;
				CLANG_WARN_CONSTANT_CONVERSION = YES;
				CLANG_WARN_DIRECT_OBJC_ISA_USAGE = YES_ERROR;
				CLANG_WARN_DOCUMENTATION_COMMENTS = YES;
				CLANG_WARN_EMPTY_BODY = YES;
				CLANG_WARN_ENUM_CONVERSION = YES;
				CLANG_WARN_INFINITE_RECURSION = YES;
				CLANG_WARN_INT_CONVERSION = YES;
				CLANG_WARN_NON_LITERAL_NULL_CONVERSION = YES;
				CLANG_WARN_OBJC_LITERAL_CONVERSION = YES;
				CLANG_WARN_OBJC_ROOT_CLASS = YES_ERROR;
				CLANG_WARN_RANGE_LOOP_ANALYSIS = YES;
				CLANG_WARN_STRICT_PROTOTYPES = YES;
				CLANG_WARN_SUSPICIOUS_MOVE = YES;
				CLANG_WARN_UNGUARDED_AVAILABILITY = YES_AGGRESSIVE;
				CLANG_WARN_UNREACHABLE_CODE = YES;
				CLANG_WARN__DUPLICATE_METHOD_MATCH = YES;
				CODE_SIGN_IDENTITY = "iPhone Developer";
				COPY_PHASE_STRIP = NO;
				DEBUG_INFORMATION_FORMAT = "dwarf-with-dsym";
				ENABLE_NS_ASSERTIONS = NO;
				ENABLE_STRICT_OBJC_MSGSEND = YES;
				GCC_C_LANGUAGE_STANDARD = gnu11;
				GCC_NO_COMMON_BLOCKS = YES;
				GCC_WARN_64_TO_32_BIT_CONVERSION = YES;
				GCC_WARN_ABOUT_RETURN_TYPE = YES_ERROR;
				GCC_WARN_UNDECLARED_SELECTOR = YES;
				GCC_WARN_UNINITIALIZED_AUTOS = YES_AGGRESSIVE;
				GCC_WARN_UNUSED_FUNCTION = YES;
				GCC_WARN_UNUSED_VARIABLE = YES;
				IPHONEOS_DEPLOYMENT_TARGET = 11.1;
				MTL_ENABLE_DEBUG_INFO = NO;
				SDKROOT = iphoneos;
				SWIFT_OPTIMIZATION_LEVEL = "-Owholemodule";
				VALIDATE_PRODUCT = YES;
			};
			name = Release;
		};
		5295798120416DB000270E80 /* Debug */ = {
			isa = XCBuildConfiguration;
			baseConfigurationReference = 5CD39B9972F5645E9B9AE292 /* Pods-Workshop.debug.xcconfig */;
			buildSettings = {
				ASSETCATALOG_COMPILER_APPICON_NAME = AppIcon;
				CODE_SIGN_STYLE = Automatic;
				INFOPLIST_FILE = Workshop/Info.plist;
				LD_RUNPATH_SEARCH_PATHS = "$(inherited) @executable_path/Frameworks";
				PRODUCT_BUNDLE_IDENTIFIER = com.bea.Workshop;
				PRODUCT_NAME = "$(TARGET_NAME)";
				SWIFT_VERSION = 4.0;
				TARGETED_DEVICE_FAMILY = "1,2";
			};
			name = Debug;
		};
		5295798220416DB000270E80 /* Release */ = {
			isa = XCBuildConfiguration;
			baseConfigurationReference = D35F309EC0DB53FCDB0C79D8 /* Pods-Workshop.release.xcconfig */;
			buildSettings = {
				ASSETCATALOG_COMPILER_APPICON_NAME = AppIcon;
				CODE_SIGN_STYLE = Automatic;
				INFOPLIST_FILE = Workshop/Info.plist;
				LD_RUNPATH_SEARCH_PATHS = "$(inherited) @executable_path/Frameworks";
				PRODUCT_BUNDLE_IDENTIFIER = com.bea.Workshop;
				PRODUCT_NAME = "$(TARGET_NAME)";
				SWIFT_VERSION = 4.0;
				TARGETED_DEVICE_FAMILY = "1,2";
			};
			name = Release;
		};
/* End XCBuildConfiguration section */

/* Begin XCConfigurationList section */
		5295796920416DB000270E80 /* Build configuration list for PBXProject "Workshop" */ = {
			isa = XCConfigurationList;
			buildConfigurations = (
				5295797E20416DB000270E80 /* Debug */,
				5295797F20416DB000270E80 /* Release */,
			);
			defaultConfigurationIsVisible = 0;
			defaultConfigurationName = Release;
		};
		5295798020416DB000270E80 /* Build configuration list for PBXNativeTarget "Workshop" */ = {
			isa = XCConfigurationList;
			buildConfigurations = (
				5295798120416DB000270E80 /* Debug */,
				5295798220416DB000270E80 /* Release */,
			);
			defaultConfigurationIsVisible = 0;
			defaultConfigurationName = Release;
		};
/* End XCConfigurationList section */
	};
	rootObject = 5295796620416DB000270E80 /* Project object */;
}
